// !$*UTF8*$!
{
	archiveVersion = 1;
	classes = {
	};
	objectVersion = 51;
	objects = {

/* Begin PBXBuildFile section */
		9C10E70B23702F89007E7557 /* UserHelper.swift in Sources */ = {isa = PBXBuildFile; fileRef = 9C10E70A23702F89007E7557 /* UserHelper.swift */; };
		9C9B2819236FEEA900C93C2C /* AccountPageVC.swift in Sources */ = {isa = PBXBuildFile; fileRef = 9C9B2818236FEEA900C93C2C /* AccountPageVC.swift */; };
		9C9B281B236FEF1700C93C2C /* LoginPageVC.swift in Sources */ = {isa = PBXBuildFile; fileRef = 9C9B281A236FEF1700C93C2C /* LoginPageVC.swift */; };
		9C9E5BCC23726BE6008F29BC /* RegisterPageVC.swift in Sources */ = {isa = PBXBuildFile; fileRef = 9C9E5BCB23726BE6008F29BC /* RegisterPageVC.swift */; };
		9C9E5BCE2372962A008F29BC /* InviterScannerPageVC.swift in Sources */ = {isa = PBXBuildFile; fileRef = 9C9E5BCD2372962A008F29BC /* InviterScannerPageVC.swift */; };
		9CE3F8F1236FDCD2008B783B /* District.swift in Sources */ = {isa = PBXBuildFile; fileRef = 9CE3F8F0236FDCD2008B783B /* District.swift */; };
		9CE3F8F3236FDD12008B783B /* EventCategory.swift in Sources */ = {isa = PBXBuildFile; fileRef = 9CE3F8F2236FDD12008B783B /* EventCategory.swift */; };
		9CE3F8F5236FDE4E008B783B /* Event.swift in Sources */ = {isa = PBXBuildFile; fileRef = 9CE3F8F4236FDE4E008B783B /* Event.swift */; };
		9CE3F8F7236FE119008B783B /* User.swift in Sources */ = {isa = PBXBuildFile; fileRef = 9CE3F8F6236FE119008B783B /* User.swift */; };
		9CE3F8F9236FE4B5008B783B /* Transaction.swift in Sources */ = {isa = PBXBuildFile; fileRef = 9CE3F8F8236FE4B5008B783B /* Transaction.swift */; };
		9E8489F1FDDD8A43D8663398 /* Pods_ElderAppiOS.framework in Frameworks */ = {isa = PBXBuildFile; fileRef = E49CEAD27FEF2D2E4E70C555 /* Pods_ElderAppiOS.framework */; };
		CD071D7923707CCB006B76C5 /* TransPageVC.swift in Sources */ = {isa = PBXBuildFile; fileRef = CD071D7823707CCB006B76C5 /* TransPageVC.swift */; };
		CD071D7B23708381006B76C5 /* UpdateAccountPageVC.swift in Sources */ = {isa = PBXBuildFile; fileRef = CD071D7A23708381006B76C5 /* UpdateAccountPageVC.swift */; };
		CD095BBE238591B700083F1E /* PassPermitVC.swift in Sources */ = {isa = PBXBuildFile; fileRef = CD095BBD238591B700083F1E /* PassPermitVC.swift */; };
		CD0F5969239CAE3500ED495A /* ProductDetailPageVC.swift in Sources */ = {isa = PBXBuildFile; fileRef = CD0F5968239CAE3500ED495A /* ProductDetailPageVC.swift */; };
		CD0F596B239CB67900ED495A /* LocationCell.xib in Resources */ = {isa = PBXBuildFile; fileRef = CD0F596A239CB67900ED495A /* LocationCell.xib */; };
		CD0F596D239CB69400ED495A /* LocationCell.swift in Sources */ = {isa = PBXBuildFile; fileRef = CD0F596C239CB69400ED495A /* LocationCell.swift */; };
		CD0F596F239CBCD600ED495A /* CheckBox.swift in Sources */ = {isa = PBXBuildFile; fileRef = CD0F596E239CBCD600ED495A /* CheckBox.swift */; };
		CD0F5971239CDE5100ED495A /* LocationDetailVC.swift in Sources */ = {isa = PBXBuildFile; fileRef = CD0F5970239CDE5100ED495A /* LocationDetailVC.swift */; };
		CD0F5973239D03B000ED495A /* MyOrderCVC.swift in Sources */ = {isa = PBXBuildFile; fileRef = CD0F5972239D03B000ED495A /* MyOrderCVC.swift */; };
		CD10C80E237124B700029C90 /* EventList.xib in Resources */ = {isa = PBXBuildFile; fileRef = CD10C80D237124B700029C90 /* EventList.xib */; };
		CD10C811237124E500029C90 /* EventCVC.swift in Sources */ = {isa = PBXBuildFile; fileRef = CD10C80F237124E500029C90 /* EventCVC.swift */; };
		CD10C812237124E500029C90 /* EventCVC.xib in Resources */ = {isa = PBXBuildFile; fileRef = CD10C810237124E500029C90 /* EventCVC.xib */; };
		CD10C8142371254000029C90 /* EventList.swift in Sources */ = {isa = PBXBuildFile; fileRef = CD10C8132371254000029C90 /* EventList.swift */; };
		CD4152392370641200377091 /* GiveMoneyFormVC.swift in Sources */ = {isa = PBXBuildFile; fileRef = CD4152382370641200377091 /* GiveMoneyFormVC.swift */; };
		CD50F1E5239EB83F00360D58 /* WebKit.framework in Frameworks */ = {isa = PBXBuildFile; fileRef = CD50F1E4239EB83F00360D58 /* WebKit.framework */; };
		CD6397622379A8FD00794788 /* StatementVC.swift in Sources */ = {isa = PBXBuildFile; fileRef = CD6397612379A8FD00794788 /* StatementVC.swift */; };
		CD736854239CA29C00B7690A /* ShopPageVC.swift in Sources */ = {isa = PBXBuildFile; fileRef = CD736853239CA29C00B7690A /* ShopPageVC.swift */; };
		CD736856239CA2CC00B7690A /* ProductCVC.swift in Sources */ = {isa = PBXBuildFile; fileRef = CD736855239CA2CC00B7690A /* ProductCVC.swift */; };
		CD7B9083236F366E0032AE63 /* TakeMoneyVC.swift in Sources */ = {isa = PBXBuildFile; fileRef = CD7B9082236F366E0032AE63 /* TakeMoneyVC.swift */; };
		CD7B9085236F3C430032AE63 /* GiveMoneyVC.swift in Sources */ = {isa = PBXBuildFile; fileRef = CD7B9084236F3C430032AE63 /* GiveMoneyVC.swift */; };
		CD7D7631241FC05C0028FCB5 /* WebViewController.swift in Sources */ = {isa = PBXBuildFile; fileRef = CD7D7630241FC05C0028FCB5 /* WebViewController.swift */; };
		CD96D60024D05E4C005EAC57 /* Spinner.swift in Sources */ = {isa = PBXBuildFile; fileRef = CD96D5FF24D05E4C005EAC57 /* Spinner.swift */; };
		CDBEE0C824D9B2E0005D3848 /* GoogleService-Info.plist in Resources */ = {isa = PBXBuildFile; fileRef = CDBEE0C724D9B2E0005D3848 /* GoogleService-Info.plist */; };
		CDC346252371988200E44069 /* Common.swift in Sources */ = {isa = PBXBuildFile; fileRef = CDC346242371988200E44069 /* Common.swift */; };
		CDC3462723719A7500E44069 /* EventPageVC.swift in Sources */ = {isa = PBXBuildFile; fileRef = CDC3462623719A7500E44069 /* EventPageVC.swift */; };
		CDC482D72371BB300038AF34 /* EventDetailPageVC.swift in Sources */ = {isa = PBXBuildFile; fileRef = CDC482D62371BB300038AF34 /* EventDetailPageVC.swift */; };
		CDC482D92371E4C70038AF34 /* EventRewardScannerVC.swift in Sources */ = {isa = PBXBuildFile; fileRef = CDC482D82371E4C70038AF34 /* EventRewardScannerVC.swift */; };
		CDCA639F236EC3B4000D054B /* AppDelegate.swift in Sources */ = {isa = PBXBuildFile; fileRef = CDCA639E236EC3B4000D054B /* AppDelegate.swift */; };
		CDCA63A1236EC3B4000D054B /* SceneDelegate.swift in Sources */ = {isa = PBXBuildFile; fileRef = CDCA63A0236EC3B4000D054B /* SceneDelegate.swift */; };
		CDCA63A6236EC3B4000D054B /* Main.storyboard in Resources */ = {isa = PBXBuildFile; fileRef = CDCA63A4236EC3B4000D054B /* Main.storyboard */; };
		CDCA63A9236EC3B4000D054B /* ElderAppiOS.xcdatamodeld in Sources */ = {isa = PBXBuildFile; fileRef = CDCA63A7236EC3B4000D054B /* ElderAppiOS.xcdatamodeld */; };
		CDCA63AB236EC3B5000D054B /* Assets.xcassets in Resources */ = {isa = PBXBuildFile; fileRef = CDCA63AA236EC3B5000D054B /* Assets.xcassets */; };
		CDCA63AE236EC3B5000D054B /* LaunchScreen.storyboard in Resources */ = {isa = PBXBuildFile; fileRef = CDCA63AC236EC3B5000D054B /* LaunchScreen.storyboard */; };
		CDCA63B7236EC6A9000D054B /* Service.swift in Sources */ = {isa = PBXBuildFile; fileRef = CDCA63B6236EC6A9000D054B /* Service.swift */; };
		CDCA63BA236EC932000D054B /* TabBarController.swift in Sources */ = {isa = PBXBuildFile; fileRef = CDCA63B9236EC932000D054B /* TabBarController.swift */; };
		CDCA63BD236EE20B000D054B /* IndexPageVC.swift in Sources */ = {isa = PBXBuildFile; fileRef = CDCA63BC236EE20B000D054B /* IndexPageVC.swift */; };
		CDEE2C6B23704C0700C2754E /* TransCVC.swift in Sources */ = {isa = PBXBuildFile; fileRef = CDEE2C6A23704C0700C2754E /* TransCVC.swift */; };
/* End PBXBuildFile section */

/* Begin PBXFileReference section */
		7D23CCC86876B5C06455D587 /* Pods-ElderAppiOS.debug.xcconfig */ = {isa = PBXFileReference; includeInIndex = 1; lastKnownFileType = text.xcconfig; name = "Pods-ElderAppiOS.debug.xcconfig"; path = "Target Support Files/Pods-ElderAppiOS/Pods-ElderAppiOS.debug.xcconfig"; sourceTree = "<group>"; };
		9C10E70A23702F89007E7557 /* UserHelper.swift */ = {isa = PBXFileReference; lastKnownFileType = sourcecode.swift; path = UserHelper.swift; sourceTree = "<group>"; };
		9C9B2818236FEEA900C93C2C /* AccountPageVC.swift */ = {isa = PBXFileReference; lastKnownFileType = sourcecode.swift; path = AccountPageVC.swift; sourceTree = "<group>"; };
		9C9B281A236FEF1700C93C2C /* LoginPageVC.swift */ = {isa = PBXFileReference; lastKnownFileType = sourcecode.swift; path = LoginPageVC.swift; sourceTree = "<group>"; };
		9C9E5BCB23726BE6008F29BC /* RegisterPageVC.swift */ = {isa = PBXFileReference; lastKnownFileType = sourcecode.swift; path = RegisterPageVC.swift; sourceTree = "<group>"; };
		9C9E5BCD2372962A008F29BC /* InviterScannerPageVC.swift */ = {isa = PBXFileReference; lastKnownFileType = sourcecode.swift; path = InviterScannerPageVC.swift; sourceTree = "<group>"; };
		9CE3F8F0236FDCD2008B783B /* District.swift */ = {isa = PBXFileReference; lastKnownFileType = sourcecode.swift; path = District.swift; sourceTree = "<group>"; };
		9CE3F8F2236FDD12008B783B /* EventCategory.swift */ = {isa = PBXFileReference; lastKnownFileType = sourcecode.swift; path = EventCategory.swift; sourceTree = "<group>"; };
		9CE3F8F4236FDE4E008B783B /* Event.swift */ = {isa = PBXFileReference; lastKnownFileType = sourcecode.swift; path = Event.swift; sourceTree = "<group>"; };
		9CE3F8F6236FE119008B783B /* User.swift */ = {isa = PBXFileReference; lastKnownFileType = sourcecode.swift; path = User.swift; sourceTree = "<group>"; };
		9CE3F8F8236FE4B5008B783B /* Transaction.swift */ = {isa = PBXFileReference; lastKnownFileType = sourcecode.swift; path = Transaction.swift; sourceTree = "<group>"; };
		C131838CC7D97EFDCB4EC296 /* Pods-ElderAppiOS.release.xcconfig */ = {isa = PBXFileReference; includeInIndex = 1; lastKnownFileType = text.xcconfig; name = "Pods-ElderAppiOS.release.xcconfig"; path = "Target Support Files/Pods-ElderAppiOS/Pods-ElderAppiOS.release.xcconfig"; sourceTree = "<group>"; };
		CD071D7823707CCB006B76C5 /* TransPageVC.swift */ = {isa = PBXFileReference; fileEncoding = 4; lastKnownFileType = sourcecode.swift; path = TransPageVC.swift; sourceTree = "<group>"; };
		CD071D7A23708381006B76C5 /* UpdateAccountPageVC.swift */ = {isa = PBXFileReference; lastKnownFileType = sourcecode.swift; path = UpdateAccountPageVC.swift; sourceTree = "<group>"; };
		CD095BBD238591B700083F1E /* PassPermitVC.swift */ = {isa = PBXFileReference; lastKnownFileType = sourcecode.swift; path = PassPermitVC.swift; sourceTree = "<group>"; };
		CD0F5968239CAE3500ED495A /* ProductDetailPageVC.swift */ = {isa = PBXFileReference; lastKnownFileType = sourcecode.swift; path = ProductDetailPageVC.swift; sourceTree = "<group>"; };
		CD0F596A239CB67900ED495A /* LocationCell.xib */ = {isa = PBXFileReference; lastKnownFileType = file.xib; path = LocationCell.xib; sourceTree = "<group>"; };
		CD0F596C239CB69400ED495A /* LocationCell.swift */ = {isa = PBXFileReference; lastKnownFileType = sourcecode.swift; path = LocationCell.swift; sourceTree = "<group>"; };
		CD0F596E239CBCD600ED495A /* CheckBox.swift */ = {isa = PBXFileReference; lastKnownFileType = sourcecode.swift; path = CheckBox.swift; sourceTree = "<group>"; };
		CD0F5970239CDE5100ED495A /* LocationDetailVC.swift */ = {isa = PBXFileReference; lastKnownFileType = sourcecode.swift; path = LocationDetailVC.swift; sourceTree = "<group>"; };
		CD0F5972239D03B000ED495A /* MyOrderCVC.swift */ = {isa = PBXFileReference; lastKnownFileType = sourcecode.swift; path = MyOrderCVC.swift; sourceTree = "<group>"; };
		CD10C80D237124B700029C90 /* EventList.xib */ = {isa = PBXFileReference; lastKnownFileType = file.xib; path = EventList.xib; sourceTree = "<group>"; };
		CD10C80F237124E500029C90 /* EventCVC.swift */ = {isa = PBXFileReference; lastKnownFileType = sourcecode.swift; path = EventCVC.swift; sourceTree = "<group>"; };
		CD10C810237124E500029C90 /* EventCVC.xib */ = {isa = PBXFileReference; lastKnownFileType = file.xib; path = EventCVC.xib; sourceTree = "<group>"; };
		CD10C8132371254000029C90 /* EventList.swift */ = {isa = PBXFileReference; lastKnownFileType = sourcecode.swift; path = EventList.swift; sourceTree = "<group>"; };
		CD4152382370641200377091 /* GiveMoneyFormVC.swift */ = {isa = PBXFileReference; lastKnownFileType = sourcecode.swift; path = GiveMoneyFormVC.swift; sourceTree = "<group>"; };
		CD50F1E4239EB83F00360D58 /* WebKit.framework */ = {isa = PBXFileReference; lastKnownFileType = wrapper.framework; name = WebKit.framework; path = System/Library/Frameworks/WebKit.framework; sourceTree = SDKROOT; };
		CD6397612379A8FD00794788 /* StatementVC.swift */ = {isa = PBXFileReference; lastKnownFileType = sourcecode.swift; path = StatementVC.swift; sourceTree = "<group>"; };
		CD736853239CA29C00B7690A /* ShopPageVC.swift */ = {isa = PBXFileReference; lastKnownFileType = sourcecode.swift; path = ShopPageVC.swift; sourceTree = "<group>"; };
		CD736855239CA2CC00B7690A /* ProductCVC.swift */ = {isa = PBXFileReference; lastKnownFileType = sourcecode.swift; path = ProductCVC.swift; sourceTree = "<group>"; };
		CD7B9082236F366E0032AE63 /* TakeMoneyVC.swift */ = {isa = PBXFileReference; lastKnownFileType = sourcecode.swift; path = TakeMoneyVC.swift; sourceTree = "<group>"; };
		CD7B9084236F3C430032AE63 /* GiveMoneyVC.swift */ = {isa = PBXFileReference; lastKnownFileType = sourcecode.swift; path = GiveMoneyVC.swift; sourceTree = "<group>"; };
		CD7D7630241FC05C0028FCB5 /* WebViewController.swift */ = {isa = PBXFileReference; lastKnownFileType = sourcecode.swift; path = WebViewController.swift; sourceTree = "<group>"; };
		CD96D5FF24D05E4C005EAC57 /* Spinner.swift */ = {isa = PBXFileReference; lastKnownFileType = sourcecode.swift; path = Spinner.swift; sourceTree = "<group>"; };
		CDBEE0C624D9B299005D3848 /* 銀髮學院.entitlements */ = {isa = PBXFileReference; lastKnownFileType = text.plist.entitlements; path = "銀髮學院.entitlements"; sourceTree = "<group>"; };
		CDBEE0C724D9B2E0005D3848 /* GoogleService-Info.plist */ = {isa = PBXFileReference; fileEncoding = 4; lastKnownFileType = text.plist.xml; path = "GoogleService-Info.plist"; sourceTree = "<group>"; };
		CDC346242371988200E44069 /* Common.swift */ = {isa = PBXFileReference; lastKnownFileType = sourcecode.swift; path = Common.swift; sourceTree = "<group>"; };
		CDC3462623719A7500E44069 /* EventPageVC.swift */ = {isa = PBXFileReference; lastKnownFileType = sourcecode.swift; path = EventPageVC.swift; sourceTree = "<group>"; };
		CDC482D62371BB300038AF34 /* EventDetailPageVC.swift */ = {isa = PBXFileReference; lastKnownFileType = sourcecode.swift; path = EventDetailPageVC.swift; sourceTree = "<group>"; };
		CDC482D82371E4C70038AF34 /* EventRewardScannerVC.swift */ = {isa = PBXFileReference; lastKnownFileType = sourcecode.swift; path = EventRewardScannerVC.swift; sourceTree = "<group>"; };
		CDCA639B236EC3B4000D054B /* 銀髮學院.app */ = {isa = PBXFileReference; explicitFileType = wrapper.application; includeInIndex = 0; path = "銀髮學院.app"; sourceTree = BUILT_PRODUCTS_DIR; };
		CDCA639E236EC3B4000D054B /* AppDelegate.swift */ = {isa = PBXFileReference; lastKnownFileType = sourcecode.swift; path = AppDelegate.swift; sourceTree = "<group>"; };
		CDCA63A0236EC3B4000D054B /* SceneDelegate.swift */ = {isa = PBXFileReference; lastKnownFileType = sourcecode.swift; path = SceneDelegate.swift; sourceTree = "<group>"; };
		CDCA63A5236EC3B4000D054B /* Base */ = {isa = PBXFileReference; lastKnownFileType = file.storyboard; name = Base; path = Base.lproj/Main.storyboard; sourceTree = "<group>"; };
		CDCA63A8236EC3B4000D054B /* ElderAppiOS.xcdatamodel */ = {isa = PBXFileReference; lastKnownFileType = wrapper.xcdatamodel; path = ElderAppiOS.xcdatamodel; sourceTree = "<group>"; };
		CDCA63AA236EC3B5000D054B /* Assets.xcassets */ = {isa = PBXFileReference; lastKnownFileType = folder.assetcatalog; path = Assets.xcassets; sourceTree = "<group>"; };
		CDCA63AD236EC3B5000D054B /* Base */ = {isa = PBXFileReference; lastKnownFileType = file.storyboard; name = Base; path = Base.lproj/LaunchScreen.storyboard; sourceTree = "<group>"; };
		CDCA63AF236EC3B5000D054B /* Info.plist */ = {isa = PBXFileReference; lastKnownFileType = text.plist.xml; path = Info.plist; sourceTree = "<group>"; };
		CDCA63B6236EC6A9000D054B /* Service.swift */ = {isa = PBXFileReference; lastKnownFileType = sourcecode.swift; path = Service.swift; sourceTree = "<group>"; };
		CDCA63B9236EC932000D054B /* TabBarController.swift */ = {isa = PBXFileReference; lastKnownFileType = sourcecode.swift; path = TabBarController.swift; sourceTree = "<group>"; };
		CDCA63BC236EE20B000D054B /* IndexPageVC.swift */ = {isa = PBXFileReference; lastKnownFileType = sourcecode.swift; path = IndexPageVC.swift; sourceTree = "<group>"; };
		CDEE2C6A23704C0700C2754E /* TransCVC.swift */ = {isa = PBXFileReference; lastKnownFileType = sourcecode.swift; path = TransCVC.swift; sourceTree = "<group>"; };
		E49CEAD27FEF2D2E4E70C555 /* Pods_ElderAppiOS.framework */ = {isa = PBXFileReference; explicitFileType = wrapper.framework; includeInIndex = 0; path = Pods_ElderAppiOS.framework; sourceTree = BUILT_PRODUCTS_DIR; };
/* End PBXFileReference section */

/* Begin PBXFrameworksBuildPhase section */
		CDCA6398236EC3B4000D054B /* Frameworks */ = {
			isa = PBXFrameworksBuildPhase;
			buildActionMask = 2147483647;
			files = (
				CD50F1E5239EB83F00360D58 /* WebKit.framework in Frameworks */,
				9E8489F1FDDD8A43D8663398 /* Pods_ElderAppiOS.framework in Frameworks */,
			);
			runOnlyForDeploymentPostprocessing = 0;
		};
/* End PBXFrameworksBuildPhase section */

/* Begin PBXGroup section */
		9CE3F8EF236FDCBE008B783B /* Models */ = {
			isa = PBXGroup;
			children = (
				9CE3F8F0236FDCD2008B783B /* District.swift */,
				9CE3F8F2236FDD12008B783B /* EventCategory.swift */,
				9CE3F8F4236FDE4E008B783B /* Event.swift */,
				9CE3F8F6236FE119008B783B /* User.swift */,
				9CE3F8F8236FE4B5008B783B /* Transaction.swift */,
			);
			path = Models;
			sourceTree = "<group>";
		};
		9DA53122A6E5C9053915FCE8 /* Pods */ = {
			isa = PBXGroup;
			children = (
				7D23CCC86876B5C06455D587 /* Pods-ElderAppiOS.debug.xcconfig */,
				C131838CC7D97EFDCB4EC296 /* Pods-ElderAppiOS.release.xcconfig */,
			);
			path = Pods;
			sourceTree = "<group>";
		};
		CD50F1E3239EB83F00360D58 /* Frameworks */ = {
			isa = PBXGroup;
			children = (
				CD50F1E4239EB83F00360D58 /* WebKit.framework */,
				E49CEAD27FEF2D2E4E70C555 /* Pods_ElderAppiOS.framework */,
			);
			name = Frameworks;
			sourceTree = "<group>";
		};
		CDCA6392236EC3B4000D054B = {
			isa = PBXGroup;
			children = (
				CDCA639D236EC3B4000D054B /* ElderAppiOS */,
				CDCA639C236EC3B4000D054B /* Products */,
				CD50F1E3239EB83F00360D58 /* Frameworks */,
				9DA53122A6E5C9053915FCE8 /* Pods */,
			);
			sourceTree = "<group>";
		};
		CDCA639C236EC3B4000D054B /* Products */ = {
			isa = PBXGroup;
			children = (
				CDCA639B236EC3B4000D054B /* 銀髮學院.app */,
			);
			name = Products;
			sourceTree = "<group>";
		};
		CDCA639D236EC3B4000D054B /* ElderAppiOS */ = {
			isa = PBXGroup;
			children = (
				CDBEE0C624D9B299005D3848 /* 銀髮學院.entitlements */,
				CDEE2C6923704BE300C2754E /* CVC */,
				9CE3F8EF236FDCBE008B783B /* Models */,
				CDCA63BB236EDFE8000D054B /* ViewController */,
				CDCA63B8236EC8D7000D054B /* Storyboards */,
				CDCA63B5236EC687000D054B /* Helper */,
				CDCA639E236EC3B4000D054B /* AppDelegate.swift */,
				CDCA63A0236EC3B4000D054B /* SceneDelegate.swift */,
				CDCA63AA236EC3B5000D054B /* Assets.xcassets */,
				CDCA63AC236EC3B5000D054B /* LaunchScreen.storyboard */,
				CDCA63AF236EC3B5000D054B /* Info.plist */,
				CDBEE0C724D9B2E0005D3848 /* GoogleService-Info.plist */,
				CDCA63A7236EC3B4000D054B /* ElderAppiOS.xcdatamodeld */,
			);
			path = ElderAppiOS;
			sourceTree = "<group>";
		};
		CDCA63B5236EC687000D054B /* Helper */ = {
			isa = PBXGroup;
			children = (
				CDCA63B6236EC6A9000D054B /* Service.swift */,
				9C10E70A23702F89007E7557 /* UserHelper.swift */,
				CDC346242371988200E44069 /* Common.swift */,
				CD96D5FF24D05E4C005EAC57 /* Spinner.swift */,
			);
			path = Helper;
			sourceTree = "<group>";
		};
		CDCA63B8236EC8D7000D054B /* Storyboards */ = {
			isa = PBXGroup;
			children = (
				CDCA63A4236EC3B4000D054B /* Main.storyboard */,
				CDCA63B9236EC932000D054B /* TabBarController.swift */,
				CD10C80D237124B700029C90 /* EventList.xib */,
				CD10C80F237124E500029C90 /* EventCVC.swift */,
				CD10C810237124E500029C90 /* EventCVC.xib */,
				CD10C8132371254000029C90 /* EventList.swift */,
				CD0F596A239CB67900ED495A /* LocationCell.xib */,
				CD0F596C239CB69400ED495A /* LocationCell.swift */,
				CD0F596E239CBCD600ED495A /* CheckBox.swift */,
			);
			path = Storyboards;
			sourceTree = "<group>";
		};
		CDCA63BB236EDFE8000D054B /* ViewController */ = {
			isa = PBXGroup;
			children = (
				CD071D7823707CCB006B76C5 /* TransPageVC.swift */,
				CDCA63BC236EE20B000D054B /* IndexPageVC.swift */,
				CD7B9082236F366E0032AE63 /* TakeMoneyVC.swift */,
				CD7B9084236F3C430032AE63 /* GiveMoneyVC.swift */,
				9C9B2818236FEEA900C93C2C /* AccountPageVC.swift */,
				9C9B281A236FEF1700C93C2C /* LoginPageVC.swift */,
				CD4152382370641200377091 /* GiveMoneyFormVC.swift */,
				CD071D7A23708381006B76C5 /* UpdateAccountPageVC.swift */,
				CDC3462623719A7500E44069 /* EventPageVC.swift */,
				CDC482D62371BB300038AF34 /* EventDetailPageVC.swift */,
				CDC482D82371E4C70038AF34 /* EventRewardScannerVC.swift */,
				9C9E5BCB23726BE6008F29BC /* RegisterPageVC.swift */,
				9C9E5BCD2372962A008F29BC /* InviterScannerPageVC.swift */,
				CD6397612379A8FD00794788 /* StatementVC.swift */,
				CD095BBD238591B700083F1E /* PassPermitVC.swift */,
				CD736853239CA29C00B7690A /* ShopPageVC.swift */,
				CD0F5968239CAE3500ED495A /* ProductDetailPageVC.swift */,
				CD0F5970239CDE5100ED495A /* LocationDetailVC.swift */,
				CD7D7630241FC05C0028FCB5 /* WebViewController.swift */,
			);
			path = ViewController;
			sourceTree = "<group>";
		};
		CDEE2C6923704BE300C2754E /* CVC */ = {
			isa = PBXGroup;
			children = (
				CDEE2C6A23704C0700C2754E /* TransCVC.swift */,
				CD736855239CA2CC00B7690A /* ProductCVC.swift */,
				CD0F5972239D03B000ED495A /* MyOrderCVC.swift */,
			);
			path = CVC;
			sourceTree = "<group>";
		};
/* End PBXGroup section */

/* Begin PBXNativeTarget section */
		CDCA639A236EC3B4000D054B /* ElderAppiOS */ = {
			isa = PBXNativeTarget;
			buildConfigurationList = CDCA63B2236EC3B5000D054B /* Build configuration list for PBXNativeTarget "ElderAppiOS" */;
			buildPhases = (
				2496D099FC459BBA567F8C86 /* [CP] Check Pods Manifest.lock */,
				CDCA6397236EC3B4000D054B /* Sources */,
				CDCA6398236EC3B4000D054B /* Frameworks */,
				CDCA6399236EC3B4000D054B /* Resources */,
				01A472E785D69F6B1588E506 /* [CP] Embed Pods Frameworks */,
			);
			buildRules = (
			);
			dependencies = (
			);
			name = ElderAppiOS;
			productName = ElderAppiOS;
			productReference = CDCA639B236EC3B4000D054B /* 銀髮學院.app */;
			productType = "com.apple.product-type.application";
		};
/* End PBXNativeTarget section */

/* Begin PBXProject section */
		CDCA6393236EC3B4000D054B /* Project object */ = {
			isa = PBXProject;
			attributes = {
				LastSwiftUpdateCheck = 1120;
				LastUpgradeCheck = 1120;
				ORGANIZATIONNAME = "林奕儒";
				TargetAttributes = {
					CDCA639A236EC3B4000D054B = {
						CreatedOnToolsVersion = 11.2;
					};
				};
			};
			buildConfigurationList = CDCA6396236EC3B4000D054B /* Build configuration list for PBXProject "ElderAppiOS" */;
			compatibilityVersion = "Xcode 9.3";
			developmentRegion = en;
			hasScannedForEncodings = 0;
			knownRegions = (
				en,
				Base,
			);
			mainGroup = CDCA6392236EC3B4000D054B;
			productRefGroup = CDCA639C236EC3B4000D054B /* Products */;
			projectDirPath = "";
			projectRoot = "";
			targets = (
				CDCA639A236EC3B4000D054B /* ElderAppiOS */,
			);
		};
/* End PBXProject section */

/* Begin PBXResourcesBuildPhase section */
		CDCA6399236EC3B4000D054B /* Resources */ = {
			isa = PBXResourcesBuildPhase;
			buildActionMask = 2147483647;
			files = (
				CD0F596B239CB67900ED495A /* LocationCell.xib in Resources */,
				CD10C80E237124B700029C90 /* EventList.xib in Resources */,
				CDCA63AE236EC3B5000D054B /* LaunchScreen.storyboard in Resources */,
				CD10C812237124E500029C90 /* EventCVC.xib in Resources */,
				CDCA63AB236EC3B5000D054B /* Assets.xcassets in Resources */,
				CDCA63A6236EC3B4000D054B /* Main.storyboard in Resources */,
				CDBEE0C824D9B2E0005D3848 /* GoogleService-Info.plist in Resources */,
			);
			runOnlyForDeploymentPostprocessing = 0;
		};
/* End PBXResourcesBuildPhase section */

/* Begin PBXShellScriptBuildPhase section */
		01A472E785D69F6B1588E506 /* [CP] Embed Pods Frameworks */ = {
			isa = PBXShellScriptBuildPhase;
			buildActionMask = 2147483647;
			files = (
			);
			inputFileListPaths = (
				"${PODS_ROOT}/Target Support Files/Pods-ElderAppiOS/Pods-ElderAppiOS-frameworks-${CONFIGURATION}-input-files.xcfilelist",
			);
			name = "[CP] Embed Pods Frameworks";
			outputFileListPaths = (
				"${PODS_ROOT}/Target Support Files/Pods-ElderAppiOS/Pods-ElderAppiOS-frameworks-${CONFIGURATION}-output-files.xcfilelist",
			);
			runOnlyForDeploymentPostprocessing = 0;
			shellPath = /bin/sh;
			shellScript = "\"${PODS_ROOT}/Target Support Files/Pods-ElderAppiOS/Pods-ElderAppiOS-frameworks.sh\"\n";
			showEnvVarsInLog = 0;
		};
		2496D099FC459BBA567F8C86 /* [CP] Check Pods Manifest.lock */ = {
			isa = PBXShellScriptBuildPhase;
			buildActionMask = 2147483647;
			files = (
			);
			inputFileListPaths = (
			);
			inputPaths = (
				"${PODS_PODFILE_DIR_PATH}/Podfile.lock",
				"${PODS_ROOT}/Manifest.lock",
			);
			name = "[CP] Check Pods Manifest.lock";
			outputFileListPaths = (
			);
			outputPaths = (
				"$(DERIVED_FILE_DIR)/Pods-ElderAppiOS-checkManifestLockResult.txt",
			);
			runOnlyForDeploymentPostprocessing = 0;
			shellPath = /bin/sh;
			shellScript = "diff \"${PODS_PODFILE_DIR_PATH}/Podfile.lock\" \"${PODS_ROOT}/Manifest.lock\" > /dev/null\nif [ $? != 0 ] ; then\n    # print error to STDERR\n    echo \"error: The sandbox is not in sync with the Podfile.lock. Run 'pod install' or update your CocoaPods installation.\" >&2\n    exit 1\nfi\n# This output is used by Xcode 'outputs' to avoid re-running this script phase.\necho \"SUCCESS\" > \"${SCRIPT_OUTPUT_FILE_0}\"\n";
			showEnvVarsInLog = 0;
		};
/* End PBXShellScriptBuildPhase section */

/* Begin PBXSourcesBuildPhase section */
		CDCA6397236EC3B4000D054B /* Sources */ = {
			isa = PBXSourcesBuildPhase;
			buildActionMask = 2147483647;
			files = (
				9CE3F8F3236FDD12008B783B /* EventCategory.swift in Sources */,
				9CE3F8F5236FDE4E008B783B /* Event.swift in Sources */,
				CD0F5971239CDE5100ED495A /* LocationDetailVC.swift in Sources */,
				CD10C8142371254000029C90 /* EventList.swift in Sources */,
				CD96D60024D05E4C005EAC57 /* Spinner.swift in Sources */,
				CD071D7B23708381006B76C5 /* UpdateAccountPageVC.swift in Sources */,
				CD0F596D239CB69400ED495A /* LocationCell.swift in Sources */,
				CDC3462723719A7500E44069 /* EventPageVC.swift in Sources */,
				CDC482D72371BB300038AF34 /* EventDetailPageVC.swift in Sources */,
				CD7B9085236F3C430032AE63 /* GiveMoneyVC.swift in Sources */,
				CDC482D92371E4C70038AF34 /* EventRewardScannerVC.swift in Sources */,
				CD736856239CA2CC00B7690A /* ProductCVC.swift in Sources */,
				CDCA63A9236EC3B4000D054B /* ElderAppiOS.xcdatamodeld in Sources */,
				CDCA63B7236EC6A9000D054B /* Service.swift in Sources */,
				CD736854239CA29C00B7690A /* ShopPageVC.swift in Sources */,
				CD0F5969239CAE3500ED495A /* ProductDetailPageVC.swift in Sources */,
				9C9B281B236FEF1700C93C2C /* LoginPageVC.swift in Sources */,
				CDEE2C6B23704C0700C2754E /* TransCVC.swift in Sources */,
				CD10C811237124E500029C90 /* EventCVC.swift in Sources */,
				9CE3F8F9236FE4B5008B783B /* Transaction.swift in Sources */,
				CD7D7631241FC05C0028FCB5 /* WebViewController.swift in Sources */,
				CD6397622379A8FD00794788 /* StatementVC.swift in Sources */,
				CD7B9083236F366E0032AE63 /* TakeMoneyVC.swift in Sources */,
				CDCA63BA236EC932000D054B /* TabBarController.swift in Sources */,
				CDCA639F236EC3B4000D054B /* AppDelegate.swift in Sources */,
				9C10E70B23702F89007E7557 /* UserHelper.swift in Sources */,
				CD0F5973239D03B000ED495A /* MyOrderCVC.swift in Sources */,
				9C9E5BCE2372962A008F29BC /* InviterScannerPageVC.swift in Sources */,
				CD0F596F239CBCD600ED495A /* CheckBox.swift in Sources */,
				CD4152392370641200377091 /* GiveMoneyFormVC.swift in Sources */,
				CDC346252371988200E44069 /* Common.swift in Sources */,
				CD071D7923707CCB006B76C5 /* TransPageVC.swift in Sources */,
				9C9B2819236FEEA900C93C2C /* AccountPageVC.swift in Sources */,
				9CE3F8F7236FE119008B783B /* User.swift in Sources */,
				9C9E5BCC23726BE6008F29BC /* RegisterPageVC.swift in Sources */,
				CD095BBE238591B700083F1E /* PassPermitVC.swift in Sources */,
				CDCA63BD236EE20B000D054B /* IndexPageVC.swift in Sources */,
				9CE3F8F1236FDCD2008B783B /* District.swift in Sources */,
				CDCA63A1236EC3B4000D054B /* SceneDelegate.swift in Sources */,
			);
			runOnlyForDeploymentPostprocessing = 0;
		};
/* End PBXSourcesBuildPhase section */

/* Begin PBXVariantGroup section */
		CDCA63A4236EC3B4000D054B /* Main.storyboard */ = {
			isa = PBXVariantGroup;
			children = (
				CDCA63A5236EC3B4000D054B /* Base */,
			);
			name = Main.storyboard;
			sourceTree = "<group>";
		};
		CDCA63AC236EC3B5000D054B /* LaunchScreen.storyboard */ = {
			isa = PBXVariantGroup;
			children = (
				CDCA63AD236EC3B5000D054B /* Base */,
			);
			name = LaunchScreen.storyboard;
			sourceTree = "<group>";
		};
/* End PBXVariantGroup section */

/* Begin XCBuildConfiguration section */
		CDCA63B0236EC3B5000D054B /* Debug */ = {
			isa = XCBuildConfiguration;
			buildSettings = {
				ALWAYS_SEARCH_USER_PATHS = NO;
				CLANG_ANALYZER_NONNULL = YES;
				CLANG_ANALYZER_NUMBER_OBJECT_CONVERSION = YES_AGGRESSIVE;
				CLANG_CXX_LANGUAGE_STANDARD = "gnu++14";
				CLANG_CXX_LIBRARY = "libc++";
				CLANG_ENABLE_MODULES = YES;
				CLANG_ENABLE_OBJC_ARC = YES;
				CLANG_ENABLE_OBJC_WEAK = YES;
				CLANG_WARN_BLOCK_CAPTURE_AUTORELEASING = YES;
				CLANG_WARN_BOOL_CONVERSION = YES;
				CLANG_WARN_COMMA = YES;
				CLANG_WARN_CONSTANT_CONVERSION = YES;
				CLANG_WARN_DEPRECATED_OBJC_IMPLEMENTATIONS = YES;
				CLANG_WARN_DIRECT_OBJC_ISA_USAGE = YES_ERROR;
				CLANG_WARN_DOCUMENTATION_COMMENTS = YES;
				CLANG_WARN_EMPTY_BODY = YES;
				CLANG_WARN_ENUM_CONVERSION = YES;
				CLANG_WARN_INFINITE_RECURSION = YES;
				CLANG_WARN_INT_CONVERSION = YES;
				CLANG_WARN_NON_LITERAL_NULL_CONVERSION = YES;
				CLANG_WARN_OBJC_IMPLICIT_RETAIN_SELF = YES;
				CLANG_WARN_OBJC_LITERAL_CONVERSION = YES;
				CLANG_WARN_OBJC_ROOT_CLASS = YES_ERROR;
				CLANG_WARN_RANGE_LOOP_ANALYSIS = YES;
				CLANG_WARN_STRICT_PROTOTYPES = YES;
				CLANG_WARN_SUSPICIOUS_MOVE = YES;
				CLANG_WARN_UNGUARDED_AVAILABILITY = YES_AGGRESSIVE;
				CLANG_WARN_UNREACHABLE_CODE = YES;
				CLANG_WARN__DUPLICATE_METHOD_MATCH = YES;
				COPY_PHASE_STRIP = NO;
				DEBUG_INFORMATION_FORMAT = dwarf;
				ENABLE_STRICT_OBJC_MSGSEND = YES;
				ENABLE_TESTABILITY = YES;
				GCC_C_LANGUAGE_STANDARD = gnu11;
				GCC_DYNAMIC_NO_PIC = NO;
				GCC_NO_COMMON_BLOCKS = YES;
				GCC_OPTIMIZATION_LEVEL = 0;
				GCC_PREPROCESSOR_DEFINITIONS = (
					"DEBUG=1",
					"$(inherited)",
				);
				GCC_WARN_64_TO_32_BIT_CONVERSION = YES;
				GCC_WARN_ABOUT_RETURN_TYPE = YES_ERROR;
				GCC_WARN_UNDECLARED_SELECTOR = YES;
				GCC_WARN_UNINITIALIZED_AUTOS = YES_AGGRESSIVE;
				GCC_WARN_UNUSED_FUNCTION = YES;
				GCC_WARN_UNUSED_VARIABLE = YES;
				IPHONEOS_DEPLOYMENT_TARGET = 13.2;
				MTL_ENABLE_DEBUG_INFO = INCLUDE_SOURCE;
				MTL_FAST_MATH = YES;
				ONLY_ACTIVE_ARCH = YES;
				SDKROOT = iphoneos;
				SWIFT_ACTIVE_COMPILATION_CONDITIONS = DEBUG;
				SWIFT_OPTIMIZATION_LEVEL = "-Onone";
			};
			name = Debug;
		};
		CDCA63B1236EC3B5000D054B /* Release */ = {
			isa = XCBuildConfiguration;
			buildSettings = {
				ALWAYS_SEARCH_USER_PATHS = NO;
				CLANG_ANALYZER_NONNULL = YES;
				CLANG_ANALYZER_NUMBER_OBJECT_CONVERSION = YES_AGGRESSIVE;
				CLANG_CXX_LANGUAGE_STANDARD = "gnu++14";
				CLANG_CXX_LIBRARY = "libc++";
				CLANG_ENABLE_MODULES = YES;
				CLANG_ENABLE_OBJC_ARC = YES;
				CLANG_ENABLE_OBJC_WEAK = YES;
				CLANG_WARN_BLOCK_CAPTURE_AUTORELEASING = YES;
				CLANG_WARN_BOOL_CONVERSION = YES;
				CLANG_WARN_COMMA = YES;
				CLANG_WARN_CONSTANT_CONVERSION = YES;
				CLANG_WARN_DEPRECATED_OBJC_IMPLEMENTATIONS = YES;
				CLANG_WARN_DIRECT_OBJC_ISA_USAGE = YES_ERROR;
				CLANG_WARN_DOCUMENTATION_COMMENTS = YES;
				CLANG_WARN_EMPTY_BODY = YES;
				CLANG_WARN_ENUM_CONVERSION = YES;
				CLANG_WARN_INFINITE_RECURSION = YES;
				CLANG_WARN_INT_CONVERSION = YES;
				CLANG_WARN_NON_LITERAL_NULL_CONVERSION = YES;
				CLANG_WARN_OBJC_IMPLICIT_RETAIN_SELF = YES;
				CLANG_WARN_OBJC_LITERAL_CONVERSION = YES;
				CLANG_WARN_OBJC_ROOT_CLASS = YES_ERROR;
				CLANG_WARN_RANGE_LOOP_ANALYSIS = YES;
				CLANG_WARN_STRICT_PROTOTYPES = YES;
				CLANG_WARN_SUSPICIOUS_MOVE = YES;
				CLANG_WARN_UNGUARDED_AVAILABILITY = YES_AGGRESSIVE;
				CLANG_WARN_UNREACHABLE_CODE = YES;
				CLANG_WARN__DUPLICATE_METHOD_MATCH = YES;
				COPY_PHASE_STRIP = NO;
				DEBUG_INFORMATION_FORMAT = "dwarf-with-dsym";
				ENABLE_NS_ASSERTIONS = NO;
				ENABLE_STRICT_OBJC_MSGSEND = YES;
				GCC_C_LANGUAGE_STANDARD = gnu11;
				GCC_NO_COMMON_BLOCKS = YES;
				GCC_WARN_64_TO_32_BIT_CONVERSION = YES;
				GCC_WARN_ABOUT_RETURN_TYPE = YES_ERROR;
				GCC_WARN_UNDECLARED_SELECTOR = YES;
				GCC_WARN_UNINITIALIZED_AUTOS = YES_AGGRESSIVE;
				GCC_WARN_UNUSED_FUNCTION = YES;
				GCC_WARN_UNUSED_VARIABLE = YES;
				IPHONEOS_DEPLOYMENT_TARGET = 13.2;
				MTL_ENABLE_DEBUG_INFO = NO;
				MTL_FAST_MATH = YES;
				SDKROOT = iphoneos;
				SWIFT_COMPILATION_MODE = wholemodule;
				SWIFT_OPTIMIZATION_LEVEL = "-O";
				VALIDATE_PRODUCT = YES;
			};
			name = Release;
		};
		CDCA63B3236EC3B5000D054B /* Debug */ = {
			isa = XCBuildConfiguration;
			baseConfigurationReference = 7D23CCC86876B5C06455D587 /* Pods-ElderAppiOS.debug.xcconfig */;
			buildSettings = {
				ASSETCATALOG_COMPILER_APPICON_NAME = AppIcon;
				CODE_SIGN_ENTITLEMENTS = "ElderAppiOS/銀髮學院.entitlements";
				CODE_SIGN_STYLE = Automatic;
				CURRENT_PROJECT_VERSION = 6;
				DEVELOPMENT_TEAM = V4C8JA4SFU;
				INFOPLIST_FILE = ElderAppiOS/Info.plist;
				IPHONEOS_DEPLOYMENT_TARGET = 12.4;
				LD_RUNPATH_SEARCH_PATHS = (
					"$(inherited)",
					"@executable_path/Frameworks",
				);
				MARKETING_VERSION = 1.1.3;
				PRODUCT_BUNDLE_IDENTIFIER = com.fullygarden.ElderAppiOS;
				PRODUCT_NAME = "銀髮學院";
				SWIFT_VERSION = 5.0;
				TARGETED_DEVICE_FAMILY = "1,2";
			};
			name = Debug;
		};
		CDCA63B4236EC3B5000D054B /* Release */ = {
			isa = XCBuildConfiguration;
			baseConfigurationReference = C131838CC7D97EFDCB4EC296 /* Pods-ElderAppiOS.release.xcconfig */;
			buildSettings = {
				ASSETCATALOG_COMPILER_APPICON_NAME = AppIcon;
				CODE_SIGN_ENTITLEMENTS = "ElderAppiOS/銀髮學院.entitlements";
				CODE_SIGN_STYLE = Automatic;
				CURRENT_PROJECT_VERSION = 6;
				DEVELOPMENT_TEAM = V4C8JA4SFU;
				INFOPLIST_FILE = ElderAppiOS/Info.plist;
				IPHONEOS_DEPLOYMENT_TARGET = 12.4;
				LD_RUNPATH_SEARCH_PATHS = (
					"$(inherited)",
					"@executable_path/Frameworks",
				);
				MARKETING_VERSION = 1.1.3;
				PRODUCT_BUNDLE_IDENTIFIER = com.fullygarden.ElderAppiOS;
				PRODUCT_NAME = "銀髮學院";
				SWIFT_VERSION = 5.0;
				TARGETED_DEVICE_FAMILY = "1,2";
			};
			name = Release;
		};
/* End XCBuildConfiguration section */

/* Begin XCConfigurationList section */
		CDCA6396236EC3B4000D054B /* Build configuration list for PBXProject "ElderAppiOS" */ = {
			isa = XCConfigurationList;
			buildConfigurations = (
				CDCA63B0236EC3B5000D054B /* Debug */,
				CDCA63B1236EC3B5000D054B /* Release */,
			);
			defaultConfigurationIsVisible = 0;
			defaultConfigurationName = Release;
		};
		CDCA63B2236EC3B5000D054B /* Build configuration list for PBXNativeTarget "ElderAppiOS" */ = {
			isa = XCConfigurationList;
			buildConfigurations = (
				CDCA63B3236EC3B5000D054B /* Debug */,
				CDCA63B4236EC3B5000D054B /* Release */,
			);
			defaultConfigurationIsVisible = 0;
			defaultConfigurationName = Release;
		};
/* End XCConfigurationList section */

/* Begin XCVersionGroup section */
		CDCA63A7236EC3B4000D054B /* ElderAppiOS.xcdatamodeld */ = {
			isa = XCVersionGroup;
			children = (
				CDCA63A8236EC3B4000D054B /* ElderAppiOS.xcdatamodel */,
			);
			currentVersion = CDCA63A8236EC3B4000D054B /* ElderAppiOS.xcdatamodel */;
			path = ElderAppiOS.xcdatamodeld;
			sourceTree = "<group>";
			versionGroupType = wrapper.xcdatamodel;
		};
/* End XCVersionGroup section */
	};
	rootObject = CDCA6393236EC3B4000D054B /* Project object */;
}
